
Microsoft Visual Studio Solution File, Format Version 12.00
# Visual Studio Version 17
VisualStudioVersion = 17.7.34031.279
MinimumVisualStudioVersion = 10.0.40219.1
Project("{FAE04EC0-301F-11D3-BF4B-00C04F79EFBC}") = "SachOnline3", "SachOnline3\SachOnline3.csproj", "{131778A8-F209-4D3E-9E18-C0140A700830}"
EndProject
Global
	GlobalSection(SolutionConfigurationPlatforms) = preSolution
		Debug|Any CPU = Debug|Any CPU
		Release|Any CPU = Release|Any CPU
	EndGlobalSection
	GlobalSection(ProjectConfigurationPlatforms) = postSolution
		{131778A8-F209-4D3E-9E18-C0140A700830}.Debug|Any CPU.ActiveCfg = Debug|Any CPU
		{131778A8-F209-4D3E-9E18-C0140A700830}.Debug|Any CPU.Build.0 = Debug|Any CPU
		{131778A8-F209-4D3E-9E18-C0140A700830}.Release|Any CPU.ActiveCfg = Release|Any CPU
		{131778A8-F209-4D3E-9E18-C0140A700830}.Release|Any CPU.Build.0 = Release|Any CPU
	EndGlobalSection
	GlobalSection(SolutionProperties) = preSolution
		HideSolutionNode = FALSE
	EndGlobalSection
	GlobalSection(ExtensibilityGlobals) = postSolution
		SolutionGuid = {0E606D96-51F7-44DD-81A4-1342A573F76A}
	EndGlobalSection
EndGlobal
